
Microsoft Visual Studio Solution File, Format Version 12.00
# Visual Studio Version 17
VisualStudioVersion = 17.4.33110.190
MinimumVisualStudioVersion = 10.0.40219.1
Project("{9A19103F-16F7-4668-BE54-9A1E7A4F7556}") = "MathieuMP", "MathieuMP\MathieuMP.csproj", "{B3211B67-C226-4E31-9F98-0C5FB5B29353}"
EndProject
Project("{888888A0-9F3D-457C-B088-3A5042F75D52}") = "MathieuVis", "MathieuVis\MathieuVis.pyproj", "{9EFAA275-3EE1-4FAB-B149-15909F208FE9}"
EndProject
Project("{9A19103F-16F7-4668-BE54-9A1E7A4F7556}") = "MathieuNearZeroLog2", "MathieuNearZeroLog2\MathieuNearZeroLog2.csproj", "{7E62F2F7-B8E9-4B2E-AA7B-3E95969814FB}"
EndProject
Project("{9A19103F-16F7-4668-BE54-9A1E7A4F7556}") = "MathieuNearZeroGrads", "MathieuNearZeroGrads\MathieuNearZeroGrads.csproj", "{644AE80B-F28A-4243-85B0-EEB1C05BFDC6}"
EndProject
Project("{9A19103F-16F7-4668-BE54-9A1E7A4F7556}") = "MathieuPadeApproximate", "MathieuPadeApproximate\MathieuPadeApproximate.csproj", "{4B7D28E2-A2CB-4DDA-8183-5A6EAA5DBA3F}"
EndProject
Project("{9A19103F-16F7-4668-BE54-9A1E7A4F7556}") = "MathieuDDouble", "MathieuDDouble\MathieuDDouble.csproj", "{164F830A-F78B-486A-AD0A-E6641DB895B0}"
EndProject
Project("{9A19103F-16F7-4668-BE54-9A1E7A4F7556}") = "MathieuPadeLimitApproximate", "MathieuPadeLimitApproximate\MathieuPadeLimitApproximate.csproj", "{18A44218-66CE-444C-AB4B-3B6879B29CC8}"
EndProject
Project("{9A19103F-16F7-4668-BE54-9A1E7A4F7556}") = "MathieuLimitDDouble", "MathieuLimitDDouble\MathieuLimitDDouble.csproj", "{C8DD572D-AD47-40F6-95E0-B21112F1B606}"
EndProject
Project("{9A19103F-16F7-4668-BE54-9A1E7A4F7556}") = "MathieuNearZeroDigits64", "MathieuNearZeroDigits64\MathieuNearZeroDigits64.csproj", "{31DAD6AA-030D-4557-A353-5E0E0713172B}"
EndProject
Project("{9A19103F-16F7-4668-BE54-9A1E7A4F7556}") = "MathieuPadeNearZeroApproximate", "MathieuPadeNearZeroApproximate\MathieuPadeNearZeroApproximate.csproj", "{4B75B7D8-506E-416F-9F27-191DFEBBAE55}"
EndProject
Project("{9A19103F-16F7-4668-BE54-9A1E7A4F7556}") = "MathieuNearZeroDDouble", "MathieuNearZeroDDouble\MathieuNearZeroDDouble.csproj", "{6C49A13F-091C-48FD-826D-56E5BF192F24}"
EndProject
Project("{9A19103F-16F7-4668-BE54-9A1E7A4F7556}") = "MathieuDigits145", "MathieuDigits145\MathieuDigits145.csproj", "{886AEA5C-568A-42D0-92A3-6C631E332187}"
EndProject
Project("{9A19103F-16F7-4668-BE54-9A1E7A4F7556}") = "MathieuLimitDigits145", "MathieuLimitDigits145\MathieuLimitDigits145.csproj", "{D46761A5-97E0-4B33-ABF6-9AD7FA6AEDDC}"
EndProject
Global
	GlobalSection(SolutionConfigurationPlatforms) = preSolution
		Debug|Any CPU = Debug|Any CPU
		Release|Any CPU = Release|Any CPU
	EndGlobalSection
	GlobalSection(ProjectConfigurationPlatforms) = postSolution
		{B3211B67-C226-4E31-9F98-0C5FB5B29353}.Debug|Any CPU.ActiveCfg = Debug|Any CPU
		{B3211B67-C226-4E31-9F98-0C5FB5B29353}.Debug|Any CPU.Build.0 = Debug|Any CPU
		{B3211B67-C226-4E31-9F98-0C5FB5B29353}.Release|Any CPU.ActiveCfg = Release|Any CPU
		{B3211B67-C226-4E31-9F98-0C5FB5B29353}.Release|Any CPU.Build.0 = Release|Any CPU
		{9EFAA275-3EE1-4FAB-B149-15909F208FE9}.Debug|Any CPU.ActiveCfg = Debug|Any CPU
		{9EFAA275-3EE1-4FAB-B149-15909F208FE9}.Release|Any CPU.ActiveCfg = Release|Any CPU
		{7E62F2F7-B8E9-4B2E-AA7B-3E95969814FB}.Debug|Any CPU.ActiveCfg = Debug|Any CPU
		{7E62F2F7-B8E9-4B2E-AA7B-3E95969814FB}.Debug|Any CPU.Build.0 = Debug|Any CPU
		{7E62F2F7-B8E9-4B2E-AA7B-3E95969814FB}.Release|Any CPU.ActiveCfg = Release|Any CPU
		{7E62F2F7-B8E9-4B2E-AA7B-3E95969814FB}.Release|Any CPU.Build.0 = Release|Any CPU
		{644AE80B-F28A-4243-85B0-EEB1C05BFDC6}.Debug|Any CPU.ActiveCfg = Debug|Any CPU
		{644AE80B-F28A-4243-85B0-EEB1C05BFDC6}.Debug|Any CPU.Build.0 = Debug|Any CPU
		{644AE80B-F28A-4243-85B0-EEB1C05BFDC6}.Release|Any CPU.ActiveCfg = Release|Any CPU
		{644AE80B-F28A-4243-85B0-EEB1C05BFDC6}.Release|Any CPU.Build.0 = Release|Any CPU
		{4B7D28E2-A2CB-4DDA-8183-5A6EAA5DBA3F}.Debug|Any CPU.ActiveCfg = Debug|Any CPU
		{4B7D28E2-A2CB-4DDA-8183-5A6EAA5DBA3F}.Debug|Any CPU.Build.0 = Debug|Any CPU
		{4B7D28E2-A2CB-4DDA-8183-5A6EAA5DBA3F}.Release|Any CPU.ActiveCfg = Release|Any CPU
		{4B7D28E2-A2CB-4DDA-8183-5A6EAA5DBA3F}.Release|Any CPU.Build.0 = Release|Any CPU
		{164F830A-F78B-486A-AD0A-E6641DB895B0}.Debug|Any CPU.ActiveCfg = Debug|Any CPU
		{164F830A-F78B-486A-AD0A-E6641DB895B0}.Debug|Any CPU.Build.0 = Debug|Any CPU
		{164F830A-F78B-486A-AD0A-E6641DB895B0}.Release|Any CPU.ActiveCfg = Release|Any CPU
		{164F830A-F78B-486A-AD0A-E6641DB895B0}.Release|Any CPU.Build.0 = Release|Any CPU
		{18A44218-66CE-444C-AB4B-3B6879B29CC8}.Debug|Any CPU.ActiveCfg = Debug|Any CPU
		{18A44218-66CE-444C-AB4B-3B6879B29CC8}.Debug|Any CPU.Build.0 = Debug|Any CPU
		{18A44218-66CE-444C-AB4B-3B6879B29CC8}.Release|Any CPU.ActiveCfg = Release|Any CPU
		{18A44218-66CE-444C-AB4B-3B6879B29CC8}.Release|Any CPU.Build.0 = Release|Any CPU
		{C8DD572D-AD47-40F6-95E0-B21112F1B606}.Debug|Any CPU.ActiveCfg = Debug|Any CPU
		{C8DD572D-AD47-40F6-95E0-B21112F1B606}.Debug|Any CPU.Build.0 = Debug|Any CPU
		{C8DD572D-AD47-40F6-95E0-B21112F1B606}.Release|Any CPU.ActiveCfg = Release|Any CPU
		{C8DD572D-AD47-40F6-95E0-B21112F1B606}.Release|Any CPU.Build.0 = Release|Any CPU
		{31DAD6AA-030D-4557-A353-5E0E0713172B}.Debug|Any CPU.ActiveCfg = Debug|Any CPU
		{31DAD6AA-030D-4557-A353-5E0E0713172B}.Debug|Any CPU.Build.0 = Debug|Any CPU
		{31DAD6AA-030D-4557-A353-5E0E0713172B}.Release|Any CPU.ActiveCfg = Release|Any CPU
		{31DAD6AA-030D-4557-A353-5E0E0713172B}.Release|Any CPU.Build.0 = Release|Any CPU
		{4B75B7D8-506E-416F-9F27-191DFEBBAE55}.Debug|Any CPU.ActiveCfg = Debug|Any CPU
		{4B75B7D8-506E-416F-9F27-191DFEBBAE55}.Debug|Any CPU.Build.0 = Debug|Any CPU
		{4B75B7D8-506E-416F-9F27-191DFEBBAE55}.Release|Any CPU.ActiveCfg = Release|Any CPU
		{4B75B7D8-506E-416F-9F27-191DFEBBAE55}.Release|Any CPU.Build.0 = Release|Any CPU
		{6C49A13F-091C-48FD-826D-56E5BF192F24}.Debug|Any CPU.ActiveCfg = Debug|Any CPU
		{6C49A13F-091C-48FD-826D-56E5BF192F24}.Debug|Any CPU.Build.0 = Debug|Any CPU
		{6C49A13F-091C-48FD-826D-56E5BF192F24}.Release|Any CPU.ActiveCfg = Release|Any CPU
		{6C49A13F-091C-48FD-826D-56E5BF192F24}.Release|Any CPU.Build.0 = Release|Any CPU
		{886AEA5C-568A-42D0-92A3-6C631E332187}.Debug|Any CPU.ActiveCfg = Debug|Any CPU
		{886AEA5C-568A-42D0-92A3-6C631E332187}.Debug|Any CPU.Build.0 = Debug|Any CPU
		{886AEA5C-568A-42D0-92A3-6C631E332187}.Release|Any CPU.ActiveCfg = Release|Any CPU
		{886AEA5C-568A-42D0-92A3-6C631E332187}.Release|Any CPU.Build.0 = Release|Any CPU
		{D46761A5-97E0-4B33-ABF6-9AD7FA6AEDDC}.Debug|Any CPU.ActiveCfg = Debug|Any CPU
		{D46761A5-97E0-4B33-ABF6-9AD7FA6AEDDC}.Debug|Any CPU.Build.0 = Debug|Any CPU
		{D46761A5-97E0-4B33-ABF6-9AD7FA6AEDDC}.Release|Any CPU.ActiveCfg = Release|Any CPU
		{D46761A5-97E0-4B33-ABF6-9AD7FA6AEDDC}.Release|Any CPU.Build.0 = Release|Any CPU
	EndGlobalSection
	GlobalSection(SolutionProperties) = preSolution
		HideSolutionNode = FALSE
	EndGlobalSection
	GlobalSection(ExtensibilityGlobals) = postSolution
		SolutionGuid = {B515FF8E-936D-4088-9328-5A0884FF254A}
	EndGlobalSection
EndGlobal
