
Microsoft Visual Studio Solution File, Format Version 12.00
# Visual Studio Version 17
VisualStudioVersion = 17.4.33110.190
MinimumVisualStudioVersion = 10.0.40219.1
Project("{9A19103F-16F7-4668-BE54-9A1E7A4F7556}") = "MathieuMP", "MathieuMP\MathieuMP.csproj", "{B3211B67-C226-4E31-9F98-0C5FB5B29353}"
EndProject
Project("{888888A0-9F3D-457C-B088-3A5042F75D52}") = "MathieuVis", "MathieuVis\MathieuVis.pyproj", "{9EFAA275-3EE1-4FAB-B149-15909F208FE9}"
EndProject
Project("{9A19103F-16F7-4668-BE54-9A1E7A4F7556}") = "MathieuDigits64", "MathieuDigits64\MathieuDigits64.csproj", "{6F60C293-7263-43E5-8474-DDE316D129EB}"
	ProjectSection(ProjectDependencies) = postProject
		{B3211B67-C226-4E31-9F98-0C5FB5B29353} = {B3211B67-C226-4E31-9F98-0C5FB5B29353}
	EndProjectSection
EndProject
Project("{9A19103F-16F7-4668-BE54-9A1E7A4F7556}") = "MathieuNearZeroLog2", "MathieuNearZeroLog2\MathieuNearZeroLog2.csproj", "{7E62F2F7-B8E9-4B2E-AA7B-3E95969814FB}"
EndProject
Project("{9A19103F-16F7-4668-BE54-9A1E7A4F7556}") = "MathieuNearZeroGrads", "MathieuNearZeroGrads\MathieuNearZeroGrads.csproj", "{644AE80B-F28A-4243-85B0-EEB1C05BFDC6}"
EndProject
Project("{FAE04EC0-301F-11D3-BF4B-00C04F79EFBC}") = "MathieuPadeApproximate", "MathieuPadeApproximate\MathieuPadeApproximate.csproj", "{4B7D28E2-A2CB-4DDA-8183-5A6EAA5DBA3F}"
EndProject
Global
	GlobalSection(SolutionConfigurationPlatforms) = preSolution
		Debug|Any CPU = Debug|Any CPU
		Release|Any CPU = Release|Any CPU
	EndGlobalSection
	GlobalSection(ProjectConfigurationPlatforms) = postSolution
		{B3211B67-C226-4E31-9F98-0C5FB5B29353}.Debug|Any CPU.ActiveCfg = Debug|Any CPU
		{B3211B67-C226-4E31-9F98-0C5FB5B29353}.Debug|Any CPU.Build.0 = Debug|Any CPU
		{B3211B67-C226-4E31-9F98-0C5FB5B29353}.Release|Any CPU.ActiveCfg = Release|Any CPU
		{B3211B67-C226-4E31-9F98-0C5FB5B29353}.Release|Any CPU.Build.0 = Release|Any CPU
		{9EFAA275-3EE1-4FAB-B149-15909F208FE9}.Debug|Any CPU.ActiveCfg = Debug|Any CPU
		{9EFAA275-3EE1-4FAB-B149-15909F208FE9}.Release|Any CPU.ActiveCfg = Release|Any CPU
		{6F60C293-7263-43E5-8474-DDE316D129EB}.Debug|Any CPU.ActiveCfg = Debug|Any CPU
		{6F60C293-7263-43E5-8474-DDE316D129EB}.Debug|Any CPU.Build.0 = Debug|Any CPU
		{6F60C293-7263-43E5-8474-DDE316D129EB}.Release|Any CPU.ActiveCfg = Release|Any CPU
		{6F60C293-7263-43E5-8474-DDE316D129EB}.Release|Any CPU.Build.0 = Release|Any CPU
		{7E62F2F7-B8E9-4B2E-AA7B-3E95969814FB}.Debug|Any CPU.ActiveCfg = Debug|Any CPU
		{7E62F2F7-B8E9-4B2E-AA7B-3E95969814FB}.Debug|Any CPU.Build.0 = Debug|Any CPU
		{7E62F2F7-B8E9-4B2E-AA7B-3E95969814FB}.Release|Any CPU.ActiveCfg = Release|Any CPU
		{7E62F2F7-B8E9-4B2E-AA7B-3E95969814FB}.Release|Any CPU.Build.0 = Release|Any CPU
		{644AE80B-F28A-4243-85B0-EEB1C05BFDC6}.Debug|Any CPU.ActiveCfg = Debug|Any CPU
		{644AE80B-F28A-4243-85B0-EEB1C05BFDC6}.Debug|Any CPU.Build.0 = Debug|Any CPU
		{644AE80B-F28A-4243-85B0-EEB1C05BFDC6}.Release|Any CPU.ActiveCfg = Release|Any CPU
		{644AE80B-F28A-4243-85B0-EEB1C05BFDC6}.Release|Any CPU.Build.0 = Release|Any CPU
		{4B7D28E2-A2CB-4DDA-8183-5A6EAA5DBA3F}.Debug|Any CPU.ActiveCfg = Debug|Any CPU
		{4B7D28E2-A2CB-4DDA-8183-5A6EAA5DBA3F}.Debug|Any CPU.Build.0 = Debug|Any CPU
		{4B7D28E2-A2CB-4DDA-8183-5A6EAA5DBA3F}.Release|Any CPU.ActiveCfg = Release|Any CPU
		{4B7D28E2-A2CB-4DDA-8183-5A6EAA5DBA3F}.Release|Any CPU.Build.0 = Release|Any CPU
	EndGlobalSection
	GlobalSection(SolutionProperties) = preSolution
		HideSolutionNode = FALSE
	EndGlobalSection
	GlobalSection(ExtensibilityGlobals) = postSolution
		SolutionGuid = {B515FF8E-936D-4088-9328-5A0884FF254A}
	EndGlobalSection
EndGlobal
